
Microsoft Visual Studio Solution File, Format Version 12.00
# Visual Studio Version 16
VisualStudioVersion = 16.0.29424.173
MinimumVisualStudioVersion = 10.0.40219.1
Project("{FAE04EC0-301F-11D3-BF4B-00C04F79EFBC}") = "Parser", "Parser.csproj", "{FCB79A18-756B-4512-9349-AF0C113EBFBF}"
EndProject
Global
	GlobalSection(SolutionConfigurationPlatforms) = preSolution
		Debug|Any CPU = Debug|Any CPU
		Release|Any CPU = Release|Any CPU
	EndGlobalSection
	GlobalSection(ProjectConfigurationPlatforms) = postSolution
		{FCB79A18-756B-4512-9349-AF0C113EBFBF}.Debug|Any CPU.ActiveCfg = Debug|Any CPU
		{FCB79A18-756B-4512-9349-AF0C113EBFBF}.Debug|Any CPU.Build.0 = Debug|Any CPU
		{FCB79A18-756B-4512-9349-AF0C113EBFBF}.Release|Any CPU.ActiveCfg = Release|Any CPU
		{FCB79A18-756B-4512-9349-AF0C113EBFBF}.Release|Any CPU.Build.0 = Release|Any CPU
	EndGlobalSection
	GlobalSection(SolutionProperties) = preSolution
		HideSolutionNode = FALSE
	EndGlobalSection
	GlobalSection(ExtensibilityGlobals) = postSolution
		SolutionGuid = {542974B0-0ACF-47EE-9B95-F1948D890510}
	EndGlobalSection
EndGlobal
